#

set_global_assignment -name LAST_QUARTUS_VERSION "18.0.0 Standard Edition"
set_global_assignment -name PROJECT_OUTPUT_DIRECTORY output_files



set_global_assignment -name PRE_FLOW_SCRIPT_FILE "quartus_sh:util/pre_flow.tcl"


set_global_assignment -name TOP_LEVEL_ENTITY top




set_global_assignment -name PARTITION_NETLIST_TYPE SOURCE -section_id Top -tag platform
set_global_assignment -name PARTITION_FITTER_PRESERVATION_LEVEL PLACEMENT_AND_ROUTING -section_id Top -tag platform
set_global_assignment -name PARTITION_COLOR 16764057 -section_id Top -tag platform










set_global_assignment -name POWER_PRESET_COOLING_SOLUTION "23 MM HEAT SINK WITH 200 LFPM AIRFLOW"
set_global_assignment -name FLOW_ENABLE_POWER_ANALYZER ON
set_global_assignment -name POWER_DEFAULT_INPUT_IO_TOGGLE_RATE "12.5 %"
set_global_assignment -name ENABLE_SIGNALTAP ON
set_global_assignment -name USE_SIGNALTAP_FILE mscb/stp2.stp
set_location_assignment PIN_58 -to MSCB_IN
set_instance_assignment -name IO_STANDARD "2.5 V" -to MSCB_IN
set_location_assignment PIN_59 -to MSCB_OUT
set_instance_assignment -name IO_STANDARD "2.5 V" -to MSCB_OUT
set_location_assignment PIN_60 -to MSCB_OE
set_instance_assignment -name IO_STANDARD "2.5 V" -to MSCB_OE
set_global_assignment -name SLD_NODE_CREATOR_ID 110 -section_id auto_signaltap_0
set_global_assignment -name SLD_NODE_ENTITY_NAME sld_signaltap -section_id auto_signaltap_0
set_instance_assignment -name CONNECT_TO_SLD_NODE_ENTITY_PORT acq_clk -to CLOCK -section_id auto_signaltap_0
set_global_assignment -name SLD_NODE_PARAMETER_ASSIGNMENT "SLD_RAM_BLOCK_TYPE=AUTO" -section_id auto_signaltap_0
set_global_assignment -name SLD_NODE_PARAMETER_ASSIGNMENT "SLD_NODE_INFO=805334528" -section_id auto_signaltap_0
set_global_assignment -name SLD_NODE_PARAMETER_ASSIGNMENT "SLD_POWER_UP_TRIGGER=0" -section_id auto_signaltap_0
set_global_assignment -name SLD_NODE_PARAMETER_ASSIGNMENT "SLD_STORAGE_QUALIFIER_INVERSION_MASK_LENGTH=0" -section_id auto_signaltap_0
set_global_assignment -name SLD_NODE_PARAMETER_ASSIGNMENT "SLD_ATTRIBUTE_MEM_MODE=OFF" -section_id auto_signaltap_0
set_global_assignment -name SLD_NODE_PARAMETER_ASSIGNMENT "SLD_STATE_FLOW_USE_GENERATED=0" -section_id auto_signaltap_0
set_global_assignment -name SLD_NODE_PARAMETER_ASSIGNMENT "SLD_STATE_BITS=11" -section_id auto_signaltap_0
set_global_assignment -name SLD_NODE_PARAMETER_ASSIGNMENT "SLD_BUFFER_FULL_STOP=1" -section_id auto_signaltap_0
set_global_assignment -name SLD_NODE_PARAMETER_ASSIGNMENT "SLD_CURRENT_RESOURCE_WIDTH=1" -section_id auto_signaltap_0
set_global_assignment -name SLD_NODE_PARAMETER_ASSIGNMENT "SLD_INCREMENTAL_ROUTING=1" -section_id auto_signaltap_0
set_global_assignment -name SLD_NODE_PARAMETER_ASSIGNMENT "SLD_TRIGGER_LEVEL=1" -section_id auto_signaltap_0
set_global_assignment -name SLD_NODE_PARAMETER_ASSIGNMENT "SLD_TRIGGER_IN_ENABLED=0" -section_id auto_signaltap_0
set_global_assignment -name SLD_NODE_PARAMETER_ASSIGNMENT "SLD_TRIGGER_PIPELINE=0" -section_id auto_signaltap_0
set_global_assignment -name SLD_NODE_PARAMETER_ASSIGNMENT "SLD_RAM_PIPELINE=0" -section_id auto_signaltap_0
set_global_assignment -name SLD_NODE_PARAMETER_ASSIGNMENT "SLD_COUNTER_PIPELINE=0" -section_id auto_signaltap_0
set_global_assignment -name SLD_NODE_PARAMETER_ASSIGNMENT "SLD_TRIGGER_LEVEL_PIPELINE=1" -section_id auto_signaltap_0
set_instance_assignment -name POST_FIT_CONNECT_TO_SLD_NODE_ENTITY_PORT crc[4] -to auto_signaltap_0|vcc -section_id auto_signaltap_0


set_instance_assignment -name POST_FIT_CONNECT_TO_SLD_NODE_ENTITY_PORT crc[2] -to auto_signaltap_0|gnd -section_id auto_signaltap_0
set_global_assignment -name SLD_NODE_PARAMETER_ASSIGNMENT "SLD_TRIGGER_BITS=1" -section_id auto_signaltap_0
set_instance_assignment -name POST_FIT_CONNECT_TO_SLD_NODE_ENTITY_PORT crc[14] -to auto_signaltap_0|gnd -section_id auto_signaltap_0
set_instance_assignment -name POST_FIT_CONNECT_TO_SLD_NODE_ENTITY_PORT crc[9] -to auto_signaltap_0|gnd -section_id auto_signaltap_0
set_instance_assignment -name POST_FIT_CONNECT_TO_SLD_NODE_ENTITY_PORT crc[22] -to auto_signaltap_0|vcc -section_id auto_signaltap_0
set_instance_assignment -name POST_FIT_CONNECT_TO_SLD_NODE_ENTITY_PORT crc[20] -to auto_signaltap_0|vcc -section_id auto_signaltap_0
set_instance_assignment -name POST_FIT_CONNECT_TO_SLD_NODE_ENTITY_PORT crc[23] -to auto_signaltap_0|vcc -section_id auto_signaltap_0
set_instance_assignment -name POST_FIT_CONNECT_TO_SLD_NODE_ENTITY_PORT crc[30] -to auto_signaltap_0|vcc -section_id auto_signaltap_0
set_instance_assignment -name POST_FIT_CONNECT_TO_SLD_NODE_ENTITY_PORT crc[7] -to auto_signaltap_0|gnd -section_id auto_signaltap_0
set_instance_assignment -name POST_FIT_CONNECT_TO_SLD_NODE_ENTITY_PORT crc[5] -to auto_signaltap_0|gnd -section_id auto_signaltap_0
set_instance_assignment -name POST_FIT_CONNECT_TO_SLD_NODE_ENTITY_PORT crc[27] -to auto_signaltap_0|gnd -section_id auto_signaltap_0
set_instance_assignment -name POST_FIT_CONNECT_TO_SLD_NODE_ENTITY_PORT crc[25] -to auto_signaltap_0|gnd -section_id auto_signaltap_0
set_instance_assignment -name POST_FIT_CONNECT_TO_SLD_NODE_ENTITY_PORT crc[13] -to auto_signaltap_0|vcc -section_id auto_signaltap_0
set_instance_assignment -name POST_FIT_CONNECT_TO_SLD_NODE_ENTITY_PORT crc[19] -to auto_signaltap_0|vcc -section_id auto_signaltap_0
set_global_assignment -name MIN_CORE_JUNCTION_TEMP 0
set_global_assignment -name MAX_CORE_JUNCTION_TEMP 85
set_global_assignment -name POWER_BOARD_THERMAL_MODEL "NONE (CONSERVATIVE)"
set_instance_assignment -name POST_FIT_CONNECT_TO_SLD_NODE_ENTITY_PORT crc[3] -to auto_signaltap_0|vcc -section_id auto_signaltap_0
set_instance_assignment -name POST_FIT_CONNECT_TO_SLD_NODE_ENTITY_PORT crc[10] -to auto_signaltap_0|vcc -section_id auto_signaltap_0
set_instance_assignment -name POST_FIT_CONNECT_TO_SLD_NODE_ENTITY_PORT crc[11] -to auto_signaltap_0|gnd -section_id auto_signaltap_0
set_instance_assignment -name POST_FIT_CONNECT_TO_SLD_NODE_ENTITY_PORT crc[16] -to auto_signaltap_0|vcc -section_id auto_signaltap_0
set_instance_assignment -name POST_FIT_CONNECT_TO_SLD_NODE_ENTITY_PORT crc[21] -to auto_signaltap_0|vcc -section_id auto_signaltap_0
set_instance_assignment -name POST_FIT_CONNECT_TO_SLD_NODE_ENTITY_PORT crc[26] -to auto_signaltap_0|gnd -section_id auto_signaltap_0
set_instance_assignment -name POST_FIT_CONNECT_TO_SLD_NODE_ENTITY_PORT crc[29] -to auto_signaltap_0|gnd -section_id auto_signaltap_0
set_global_assignment -name SLD_NODE_PARAMETER_ASSIGNMENT "SLD_ADVANCED_TRIGGER_ENTITY=basic,1," -section_id auto_signaltap_0
set_global_assignment -name SLD_NODE_PARAMETER_ASSIGNMENT "SLD_ENABLE_ADVANCED_TRIGGER=0" -section_id auto_signaltap_0
set_instance_assignment -name POST_FIT_CONNECT_TO_SLD_NODE_ENTITY_PORT crc[0] -to auto_signaltap_0|vcc -section_id auto_signaltap_0
set_instance_assignment -name POST_FIT_CONNECT_TO_SLD_NODE_ENTITY_PORT crc[1] -to auto_signaltap_0|gnd -section_id auto_signaltap_0
set_instance_assignment -name POST_FIT_CONNECT_TO_SLD_NODE_ENTITY_PORT crc[8] -to auto_signaltap_0|vcc -section_id auto_signaltap_0
set_instance_assignment -name POST_FIT_CONNECT_TO_SLD_NODE_ENTITY_PORT crc[15] -to auto_signaltap_0|gnd -section_id auto_signaltap_0
set_instance_assignment -name POST_FIT_CONNECT_TO_SLD_NODE_ENTITY_PORT crc[24] -to auto_signaltap_0|gnd -section_id auto_signaltap_0
set_global_assignment -name SLD_NODE_PARAMETER_ASSIGNMENT "SLD_INVERSION_MASK=000000000000000000000000000" -section_id auto_signaltap_0
set_global_assignment -name SLD_NODE_PARAMETER_ASSIGNMENT "SLD_INVERSION_MASK_LENGTH=27" -section_id auto_signaltap_0
set_instance_assignment -name POST_FIT_CONNECT_TO_SLD_NODE_ENTITY_PORT crc[6] -to auto_signaltap_0|vcc -section_id auto_signaltap_0
set_instance_assignment -name POST_FIT_CONNECT_TO_SLD_NODE_ENTITY_PORT crc[12] -to auto_signaltap_0|vcc -section_id auto_signaltap_0
set_instance_assignment -name POST_FIT_CONNECT_TO_SLD_NODE_ENTITY_PORT crc[28] -to auto_signaltap_0|vcc -section_id auto_signaltap_0
set_instance_assignment -name POST_FIT_CONNECT_TO_SLD_NODE_ENTITY_PORT crc[31] -to auto_signaltap_0|gnd -section_id auto_signaltap_0
set_instance_assignment -name POST_FIT_CONNECT_TO_SLD_NODE_ENTITY_PORT crc[17] -to auto_signaltap_0|gnd -section_id auto_signaltap_0
set_instance_assignment -name POST_FIT_CONNECT_TO_SLD_NODE_ENTITY_PORT crc[18] -to auto_signaltap_0|gnd -section_id auto_signaltap_0
set_global_assignment -name SLD_NODE_PARAMETER_ASSIGNMENT "SLD_SEGMENT_SIZE=1024" -section_id auto_signaltap_0
set_global_assignment -name SLD_NODE_PARAMETER_ASSIGNMENT "SLD_SAMPLE_DEPTH=1024" -section_id auto_signaltap_0
set_global_assignment -name QSYS_FILE myadc.qsys
set_global_assignment -name VHDL_FILE my_fifo.vhd
set_global_assignment -name VHDL_FILE mscb/uart_transmitter.vhd
set_global_assignment -name VHDL_FILE mscb/uart_reciever.vhd
set_global_assignment -name VHDL_FILE mscb/mscb_addressing.vhd
set_global_assignment -name VHDL_FILE mscb/mscb.vhd
set_global_assignment -name VHDL_FILE mscb/daq_constants.vhd
set_global_assignment -name SOURCE_TCL_SCRIPT_FILE assignments/max10_dev.tcl
set_global_assignment -name VHDL_FILE top.vhd
set_global_assignment -name SDC_FILE top.sdc
set_global_assignment -name QIP_FILE util/util.qip
set_global_assignment -name VHDL_FILE ip/ip_altpll.vhd
set_global_assignment -name VHDL_FILE cmp_pkg.vhd
set_global_assignment -name QIP_FILE my_fifo.qip
set_global_assignment -name SIGNALTAP_FILE mscb/stp2.stp
set_instance_assignment -name CONNECT_TO_SLD_NODE_ENTITY_PORT acq_data_in[0] -to adc_cnt[0] -section_id auto_signaltap_0
set_instance_assignment -name CONNECT_TO_SLD_NODE_ENTITY_PORT acq_data_in[1] -to adc_cnt[1] -section_id auto_signaltap_0
set_instance_assignment -name CONNECT_TO_SLD_NODE_ENTITY_PORT acq_data_in[2] -to adc_cnt[2] -section_id auto_signaltap_0
set_instance_assignment -name CONNECT_TO_SLD_NODE_ENTITY_PORT acq_data_in[3] -to adc_cnt[3] -section_id auto_signaltap_0
set_instance_assignment -name CONNECT_TO_SLD_NODE_ENTITY_PORT acq_data_in[4] -to adc_data_store[0][0] -section_id auto_signaltap_0
set_instance_assignment -name CONNECT_TO_SLD_NODE_ENTITY_PORT acq_data_in[5] -to adc_data_store[0][10] -section_id auto_signaltap_0
set_instance_assignment -name CONNECT_TO_SLD_NODE_ENTITY_PORT acq_data_in[6] -to adc_data_store[0][11] -section_id auto_signaltap_0
set_instance_assignment -name CONNECT_TO_SLD_NODE_ENTITY_PORT acq_data_in[7] -to adc_data_store[0][1] -section_id auto_signaltap_0
set_instance_assignment -name CONNECT_TO_SLD_NODE_ENTITY_PORT acq_data_in[8] -to adc_data_store[0][2] -section_id auto_signaltap_0
set_instance_assignment -name CONNECT_TO_SLD_NODE_ENTITY_PORT acq_data_in[9] -to adc_data_store[0][3] -section_id auto_signaltap_0
set_instance_assignment -name CONNECT_TO_SLD_NODE_ENTITY_PORT acq_data_in[10] -to adc_data_store[0][4] -section_id auto_signaltap_0
set_instance_assignment -name CONNECT_TO_SLD_NODE_ENTITY_PORT acq_data_in[11] -to adc_data_store[0][5] -section_id auto_signaltap_0
set_instance_assignment -name CONNECT_TO_SLD_NODE_ENTITY_PORT acq_data_in[12] -to adc_data_store[0][6] -section_id auto_signaltap_0
set_instance_assignment -name CONNECT_TO_SLD_NODE_ENTITY_PORT acq_data_in[13] -to adc_data_store[0][7] -section_id auto_signaltap_0
set_instance_assignment -name CONNECT_TO_SLD_NODE_ENTITY_PORT acq_data_in[14] -to adc_data_store[0][8] -section_id auto_signaltap_0
set_instance_assignment -name CONNECT_TO_SLD_NODE_ENTITY_PORT acq_data_in[15] -to adc_data_store[0][9] -section_id auto_signaltap_0
set_instance_assignment -name CONNECT_TO_SLD_NODE_ENTITY_PORT acq_data_in[16] -to adc_data_store[1][0] -section_id auto_signaltap_0
set_instance_assignment -name CONNECT_TO_SLD_NODE_ENTITY_PORT acq_data_in[17] -to adc_data_store[1][10] -section_id auto_signaltap_0
set_instance_assignment -name CONNECT_TO_SLD_NODE_ENTITY_PORT acq_data_in[18] -to adc_data_store[1][11] -section_id auto_signaltap_0
set_instance_assignment -name CONNECT_TO_SLD_NODE_ENTITY_PORT acq_data_in[19] -to adc_data_store[1][1] -section_id auto_signaltap_0
set_instance_assignment -name CONNECT_TO_SLD_NODE_ENTITY_PORT acq_data_in[20] -to adc_data_store[1][2] -section_id auto_signaltap_0
set_instance_assignment -name CONNECT_TO_SLD_NODE_ENTITY_PORT acq_data_in[21] -to adc_data_store[1][3] -section_id auto_signaltap_0
set_instance_assignment -name CONNECT_TO_SLD_NODE_ENTITY_PORT acq_data_in[22] -to adc_data_store[1][4] -section_id auto_signaltap_0
set_instance_assignment -name CONNECT_TO_SLD_NODE_ENTITY_PORT acq_data_in[23] -to adc_data_store[1][5] -section_id auto_signaltap_0
set_instance_assignment -name CONNECT_TO_SLD_NODE_ENTITY_PORT acq_data_in[24] -to adc_data_store[1][6] -section_id auto_signaltap_0
set_instance_assignment -name CONNECT_TO_SLD_NODE_ENTITY_PORT acq_data_in[25] -to adc_data_store[1][7] -section_id auto_signaltap_0
set_instance_assignment -name CONNECT_TO_SLD_NODE_ENTITY_PORT acq_data_in[26] -to adc_data_store[1][8] -section_id auto_signaltap_0
set_instance_assignment -name CONNECT_TO_SLD_NODE_ENTITY_PORT acq_data_in[27] -to adc_data_store[1][9] -section_id auto_signaltap_0
set_instance_assignment -name CONNECT_TO_SLD_NODE_ENTITY_PORT acq_data_in[28] -to adc_data_store[2][0] -section_id auto_signaltap_0
set_instance_assignment -name CONNECT_TO_SLD_NODE_ENTITY_PORT acq_data_in[29] -to adc_data_store[2][10] -section_id auto_signaltap_0
set_instance_assignment -name CONNECT_TO_SLD_NODE_ENTITY_PORT acq_data_in[30] -to adc_data_store[2][11] -section_id auto_signaltap_0
set_instance_assignment -name CONNECT_TO_SLD_NODE_ENTITY_PORT acq_data_in[31] -to adc_data_store[2][1] -section_id auto_signaltap_0
set_instance_assignment -name CONNECT_TO_SLD_NODE_ENTITY_PORT acq_data_in[32] -to adc_data_store[2][2] -section_id auto_signaltap_0
set_instance_assignment -name CONNECT_TO_SLD_NODE_ENTITY_PORT acq_data_in[33] -to adc_data_store[2][3] -section_id auto_signaltap_0
set_instance_assignment -name CONNECT_TO_SLD_NODE_ENTITY_PORT acq_data_in[34] -to adc_data_store[2][4] -section_id auto_signaltap_0
set_instance_assignment -name CONNECT_TO_SLD_NODE_ENTITY_PORT acq_data_in[35] -to adc_data_store[2][5] -section_id auto_signaltap_0
set_instance_assignment -name CONNECT_TO_SLD_NODE_ENTITY_PORT acq_data_in[36] -to adc_data_store[2][6] -section_id auto_signaltap_0
set_instance_assignment -name CONNECT_TO_SLD_NODE_ENTITY_PORT acq_data_in[37] -to adc_data_store[2][7] -section_id auto_signaltap_0
set_instance_assignment -name CONNECT_TO_SLD_NODE_ENTITY_PORT acq_data_in[38] -to adc_data_store[2][8] -section_id auto_signaltap_0
set_instance_assignment -name CONNECT_TO_SLD_NODE_ENTITY_PORT acq_data_in[39] -to adc_data_store[2][9] -section_id auto_signaltap_0
set_instance_assignment -name CONNECT_TO_SLD_NODE_ENTITY_PORT acq_data_in[40] -to adc_data_store[3][0] -section_id auto_signaltap_0
set_instance_assignment -name CONNECT_TO_SLD_NODE_ENTITY_PORT acq_data_in[41] -to adc_data_store[3][10] -section_id auto_signaltap_0
set_instance_assignment -name CONNECT_TO_SLD_NODE_ENTITY_PORT acq_data_in[42] -to adc_data_store[3][11] -section_id auto_signaltap_0
set_instance_assignment -name CONNECT_TO_SLD_NODE_ENTITY_PORT acq_data_in[43] -to adc_data_store[3][1] -section_id auto_signaltap_0
set_instance_assignment -name CONNECT_TO_SLD_NODE_ENTITY_PORT acq_data_in[44] -to adc_data_store[3][2] -section_id auto_signaltap_0
set_instance_assignment -name CONNECT_TO_SLD_NODE_ENTITY_PORT acq_data_in[45] -to adc_data_store[3][3] -section_id auto_signaltap_0
set_instance_assignment -name CONNECT_TO_SLD_NODE_ENTITY_PORT acq_data_in[46] -to adc_data_store[3][4] -section_id auto_signaltap_0
set_instance_assignment -name CONNECT_TO_SLD_NODE_ENTITY_PORT acq_data_in[47] -to adc_data_store[3][5] -section_id auto_signaltap_0
set_instance_assignment -name CONNECT_TO_SLD_NODE_ENTITY_PORT acq_data_in[48] -to adc_data_store[3][6] -section_id auto_signaltap_0
set_instance_assignment -name CONNECT_TO_SLD_NODE_ENTITY_PORT acq_data_in[49] -to adc_data_store[3][7] -section_id auto_signaltap_0
set_instance_assignment -name CONNECT_TO_SLD_NODE_ENTITY_PORT acq_data_in[50] -to adc_data_store[3][8] -section_id auto_signaltap_0
set_instance_assignment -name CONNECT_TO_SLD_NODE_ENTITY_PORT acq_data_in[51] -to adc_data_store[3][9] -section_id auto_signaltap_0
set_instance_assignment -name CONNECT_TO_SLD_NODE_ENTITY_PORT acq_data_in[52] -to adc_data_store[4][0] -section_id auto_signaltap_0
set_instance_assignment -name CONNECT_TO_SLD_NODE_ENTITY_PORT acq_data_in[53] -to adc_data_store[4][10] -section_id auto_signaltap_0
set_instance_assignment -name CONNECT_TO_SLD_NODE_ENTITY_PORT acq_data_in[54] -to adc_data_store[4][11] -section_id auto_signaltap_0
set_instance_assignment -name CONNECT_TO_SLD_NODE_ENTITY_PORT acq_data_in[55] -to adc_data_store[4][1] -section_id auto_signaltap_0
set_instance_assignment -name CONNECT_TO_SLD_NODE_ENTITY_PORT acq_data_in[56] -to adc_data_store[4][2] -section_id auto_signaltap_0
set_instance_assignment -name CONNECT_TO_SLD_NODE_ENTITY_PORT acq_data_in[57] -to adc_data_store[4][3] -section_id auto_signaltap_0
set_instance_assignment -name CONNECT_TO_SLD_NODE_ENTITY_PORT acq_data_in[58] -to adc_data_store[4][4] -section_id auto_signaltap_0
set_instance_assignment -name CONNECT_TO_SLD_NODE_ENTITY_PORT acq_data_in[59] -to adc_data_store[4][5] -section_id auto_signaltap_0
set_instance_assignment -name CONNECT_TO_SLD_NODE_ENTITY_PORT acq_data_in[60] -to adc_data_store[4][6] -section_id auto_signaltap_0
set_instance_assignment -name CONNECT_TO_SLD_NODE_ENTITY_PORT acq_data_in[61] -to adc_data_store[4][7] -section_id auto_signaltap_0
set_instance_assignment -name CONNECT_TO_SLD_NODE_ENTITY_PORT acq_data_in[62] -to adc_data_store[4][8] -section_id auto_signaltap_0
set_instance_assignment -name CONNECT_TO_SLD_NODE_ENTITY_PORT acq_data_in[63] -to adc_data_store[4][9] -section_id auto_signaltap_0
set_instance_assignment -name CONNECT_TO_SLD_NODE_ENTITY_PORT acq_data_in[64] -to adc_data_store[5][0] -section_id auto_signaltap_0
set_instance_assignment -name CONNECT_TO_SLD_NODE_ENTITY_PORT acq_data_in[65] -to adc_data_store[5][10] -section_id auto_signaltap_0
set_instance_assignment -name CONNECT_TO_SLD_NODE_ENTITY_PORT acq_data_in[66] -to adc_data_store[5][11] -section_id auto_signaltap_0
set_instance_assignment -name CONNECT_TO_SLD_NODE_ENTITY_PORT acq_data_in[67] -to adc_data_store[5][1] -section_id auto_signaltap_0
set_instance_assignment -name CONNECT_TO_SLD_NODE_ENTITY_PORT acq_data_in[68] -to adc_data_store[5][2] -section_id auto_signaltap_0
set_instance_assignment -name CONNECT_TO_SLD_NODE_ENTITY_PORT acq_data_in[69] -to adc_data_store[5][3] -section_id auto_signaltap_0
set_instance_assignment -name CONNECT_TO_SLD_NODE_ENTITY_PORT acq_data_in[70] -to adc_data_store[5][4] -section_id auto_signaltap_0
set_instance_assignment -name CONNECT_TO_SLD_NODE_ENTITY_PORT acq_data_in[71] -to adc_data_store[5][5] -section_id auto_signaltap_0
set_instance_assignment -name CONNECT_TO_SLD_NODE_ENTITY_PORT acq_data_in[72] -to adc_data_store[5][6] -section_id auto_signaltap_0
set_instance_assignment -name CONNECT_TO_SLD_NODE_ENTITY_PORT acq_data_in[73] -to adc_data_store[5][7] -section_id auto_signaltap_0
set_instance_assignment -name CONNECT_TO_SLD_NODE_ENTITY_PORT acq_data_in[74] -to adc_data_store[5][8] -section_id auto_signaltap_0
set_instance_assignment -name CONNECT_TO_SLD_NODE_ENTITY_PORT acq_data_in[75] -to adc_data_store[5][9] -section_id auto_signaltap_0
set_instance_assignment -name CONNECT_TO_SLD_NODE_ENTITY_PORT acq_data_in[76] -to adc_data_store[6][0] -section_id auto_signaltap_0
set_instance_assignment -name CONNECT_TO_SLD_NODE_ENTITY_PORT acq_data_in[77] -to adc_data_store[6][10] -section_id auto_signaltap_0
set_instance_assignment -name CONNECT_TO_SLD_NODE_ENTITY_PORT acq_data_in[78] -to adc_data_store[6][11] -section_id auto_signaltap_0
set_instance_assignment -name CONNECT_TO_SLD_NODE_ENTITY_PORT acq_data_in[79] -to adc_data_store[6][1] -section_id auto_signaltap_0
set_instance_assignment -name CONNECT_TO_SLD_NODE_ENTITY_PORT acq_data_in[80] -to adc_data_store[6][2] -section_id auto_signaltap_0
set_instance_assignment -name CONNECT_TO_SLD_NODE_ENTITY_PORT acq_data_in[81] -to adc_data_store[6][3] -section_id auto_signaltap_0
set_instance_assignment -name CONNECT_TO_SLD_NODE_ENTITY_PORT acq_data_in[82] -to adc_data_store[6][4] -section_id auto_signaltap_0
set_instance_assignment -name CONNECT_TO_SLD_NODE_ENTITY_PORT acq_data_in[83] -to adc_data_store[6][5] -section_id auto_signaltap_0
set_instance_assignment -name CONNECT_TO_SLD_NODE_ENTITY_PORT acq_data_in[84] -to adc_data_store[6][6] -section_id auto_signaltap_0
set_instance_assignment -name CONNECT_TO_SLD_NODE_ENTITY_PORT acq_data_in[85] -to adc_data_store[6][7] -section_id auto_signaltap_0
set_instance_assignment -name CONNECT_TO_SLD_NODE_ENTITY_PORT acq_data_in[86] -to adc_data_store[6][8] -section_id auto_signaltap_0
set_instance_assignment -name CONNECT_TO_SLD_NODE_ENTITY_PORT acq_data_in[87] -to adc_data_store[6][9] -section_id auto_signaltap_0
set_instance_assignment -name CONNECT_TO_SLD_NODE_ENTITY_PORT acq_data_in[88] -to adc_data_store[7][0] -section_id auto_signaltap_0
set_instance_assignment -name CONNECT_TO_SLD_NODE_ENTITY_PORT acq_data_in[89] -to adc_data_store[7][10] -section_id auto_signaltap_0
set_instance_assignment -name CONNECT_TO_SLD_NODE_ENTITY_PORT acq_data_in[90] -to adc_data_store[7][11] -section_id auto_signaltap_0
set_instance_assignment -name CONNECT_TO_SLD_NODE_ENTITY_PORT acq_data_in[91] -to adc_data_store[7][1] -section_id auto_signaltap_0
set_instance_assignment -name CONNECT_TO_SLD_NODE_ENTITY_PORT acq_data_in[92] -to adc_data_store[7][2] -section_id auto_signaltap_0
set_instance_assignment -name CONNECT_TO_SLD_NODE_ENTITY_PORT acq_data_in[93] -to adc_data_store[7][3] -section_id auto_signaltap_0
set_instance_assignment -name CONNECT_TO_SLD_NODE_ENTITY_PORT acq_data_in[94] -to adc_data_store[7][4] -section_id auto_signaltap_0
set_instance_assignment -name CONNECT_TO_SLD_NODE_ENTITY_PORT acq_data_in[95] -to adc_data_store[7][5] -section_id auto_signaltap_0
set_instance_assignment -name CONNECT_TO_SLD_NODE_ENTITY_PORT acq_data_in[96] -to adc_data_store[7][6] -section_id auto_signaltap_0
set_instance_assignment -name CONNECT_TO_SLD_NODE_ENTITY_PORT acq_data_in[97] -to adc_data_store[7][7] -section_id auto_signaltap_0
set_instance_assignment -name CONNECT_TO_SLD_NODE_ENTITY_PORT acq_data_in[98] -to adc_data_store[7][8] -section_id auto_signaltap_0
set_instance_assignment -name CONNECT_TO_SLD_NODE_ENTITY_PORT acq_data_in[99] -to adc_data_store[7][9] -section_id auto_signaltap_0
set_instance_assignment -name CONNECT_TO_SLD_NODE_ENTITY_PORT acq_trigger_in[0] -to state.idle -section_id auto_signaltap_0
set_instance_assignment -name CONNECT_TO_SLD_NODE_ENTITY_PORT acq_data_in[100] -to adc_data_store[8][0] -section_id auto_signaltap_0
set_instance_assignment -name CONNECT_TO_SLD_NODE_ENTITY_PORT acq_data_in[101] -to adc_data_store[8][10] -section_id auto_signaltap_0
set_instance_assignment -name CONNECT_TO_SLD_NODE_ENTITY_PORT acq_data_in[102] -to adc_data_store[8][11] -section_id auto_signaltap_0
set_instance_assignment -name CONNECT_TO_SLD_NODE_ENTITY_PORT acq_data_in[103] -to adc_data_store[8][1] -section_id auto_signaltap_0
set_instance_assignment -name CONNECT_TO_SLD_NODE_ENTITY_PORT acq_data_in[104] -to adc_data_store[8][2] -section_id auto_signaltap_0
set_instance_assignment -name CONNECT_TO_SLD_NODE_ENTITY_PORT acq_data_in[105] -to adc_data_store[8][3] -section_id auto_signaltap_0
set_instance_assignment -name CONNECT_TO_SLD_NODE_ENTITY_PORT acq_data_in[106] -to adc_data_store[8][4] -section_id auto_signaltap_0
set_instance_assignment -name CONNECT_TO_SLD_NODE_ENTITY_PORT acq_data_in[107] -to adc_data_store[8][5] -section_id auto_signaltap_0
set_instance_assignment -name CONNECT_TO_SLD_NODE_ENTITY_PORT acq_data_in[108] -to adc_data_store[8][6] -section_id auto_signaltap_0
set_instance_assignment -name CONNECT_TO_SLD_NODE_ENTITY_PORT acq_data_in[109] -to adc_data_store[8][7] -section_id auto_signaltap_0
set_instance_assignment -name CONNECT_TO_SLD_NODE_ENTITY_PORT acq_data_in[110] -to adc_data_store[8][8] -section_id auto_signaltap_0
set_instance_assignment -name CONNECT_TO_SLD_NODE_ENTITY_PORT acq_data_in[111] -to adc_data_store[8][9] -section_id auto_signaltap_0
set_instance_assignment -name CONNECT_TO_SLD_NODE_ENTITY_PORT acq_data_in[112] -to "myadc:testadc|command_channel[0]" -section_id auto_signaltap_0
set_instance_assignment -name CONNECT_TO_SLD_NODE_ENTITY_PORT acq_data_in[113] -to "myadc:testadc|command_channel[1]" -section_id auto_signaltap_0
set_instance_assignment -name CONNECT_TO_SLD_NODE_ENTITY_PORT acq_data_in[114] -to "myadc:testadc|command_channel[2]" -section_id auto_signaltap_0
set_instance_assignment -name CONNECT_TO_SLD_NODE_ENTITY_PORT acq_data_in[115] -to "myadc:testadc|command_channel[3]" -section_id auto_signaltap_0
set_instance_assignment -name CONNECT_TO_SLD_NODE_ENTITY_PORT acq_data_in[116] -to "myadc:testadc|command_channel[4]" -section_id auto_signaltap_0
set_instance_assignment -name CONNECT_TO_SLD_NODE_ENTITY_PORT acq_data_in[117] -to "myadc:testadc|response_channel[0]" -section_id auto_signaltap_0
set_instance_assignment -name CONNECT_TO_SLD_NODE_ENTITY_PORT acq_data_in[118] -to "myadc:testadc|response_channel[1]" -section_id auto_signaltap_0
set_instance_assignment -name CONNECT_TO_SLD_NODE_ENTITY_PORT acq_data_in[119] -to "myadc:testadc|response_channel[2]" -section_id auto_signaltap_0
set_instance_assignment -name CONNECT_TO_SLD_NODE_ENTITY_PORT acq_data_in[120] -to "myadc:testadc|response_channel[3]" -section_id auto_signaltap_0
set_instance_assignment -name CONNECT_TO_SLD_NODE_ENTITY_PORT acq_data_in[121] -to "myadc:testadc|response_channel[4]" -section_id auto_signaltap_0
set_instance_assignment -name CONNECT_TO_SLD_NODE_ENTITY_PORT acq_data_in[122] -to "myadc:testadc|response_data[0]" -section_id auto_signaltap_0
set_instance_assignment -name CONNECT_TO_SLD_NODE_ENTITY_PORT acq_data_in[123] -to "myadc:testadc|response_data[10]" -section_id auto_signaltap_0
set_instance_assignment -name CONNECT_TO_SLD_NODE_ENTITY_PORT acq_data_in[124] -to "myadc:testadc|response_data[11]" -section_id auto_signaltap_0
set_instance_assignment -name CONNECT_TO_SLD_NODE_ENTITY_PORT acq_data_in[125] -to "myadc:testadc|response_data[1]" -section_id auto_signaltap_0
set_instance_assignment -name CONNECT_TO_SLD_NODE_ENTITY_PORT acq_data_in[126] -to "myadc:testadc|response_data[2]" -section_id auto_signaltap_0
set_instance_assignment -name CONNECT_TO_SLD_NODE_ENTITY_PORT acq_data_in[127] -to "myadc:testadc|response_data[3]" -section_id auto_signaltap_0
set_instance_assignment -name CONNECT_TO_SLD_NODE_ENTITY_PORT acq_data_in[128] -to "myadc:testadc|response_data[4]" -section_id auto_signaltap_0
set_instance_assignment -name CONNECT_TO_SLD_NODE_ENTITY_PORT acq_data_in[129] -to "myadc:testadc|response_data[5]" -section_id auto_signaltap_0
set_instance_assignment -name CONNECT_TO_SLD_NODE_ENTITY_PORT acq_data_in[130] -to "myadc:testadc|response_data[6]" -section_id auto_signaltap_0
set_instance_assignment -name CONNECT_TO_SLD_NODE_ENTITY_PORT acq_data_in[131] -to "myadc:testadc|response_data[7]" -section_id auto_signaltap_0
set_instance_assignment -name CONNECT_TO_SLD_NODE_ENTITY_PORT acq_data_in[132] -to "myadc:testadc|response_data[8]" -section_id auto_signaltap_0
set_instance_assignment -name CONNECT_TO_SLD_NODE_ENTITY_PORT acq_data_in[133] -to "myadc:testadc|response_data[9]" -section_id auto_signaltap_0
set_instance_assignment -name CONNECT_TO_SLD_NODE_ENTITY_PORT acq_data_in[134] -to "myadc:testadc|response_valid" -section_id auto_signaltap_0
set_instance_assignment -name CONNECT_TO_SLD_NODE_ENTITY_PORT acq_data_in[135] -to receive_ch_address[0] -section_id auto_signaltap_0
set_instance_assignment -name CONNECT_TO_SLD_NODE_ENTITY_PORT acq_data_in[136] -to receive_ch_address[1] -section_id auto_signaltap_0
set_instance_assignment -name CONNECT_TO_SLD_NODE_ENTITY_PORT acq_data_in[137] -to receive_ch_address[2] -section_id auto_signaltap_0
set_instance_assignment -name CONNECT_TO_SLD_NODE_ENTITY_PORT acq_data_in[138] -to receive_ch_address[3] -section_id auto_signaltap_0
set_instance_assignment -name CONNECT_TO_SLD_NODE_ENTITY_PORT acq_data_in[139] -to state.idle -section_id auto_signaltap_0
set_global_assignment -name SLD_NODE_PARAMETER_ASSIGNMENT "SLD_DATA_BITS=140" -section_id auto_signaltap_0
set_global_assignment -name SLD_NODE_PARAMETER_ASSIGNMENT "SLD_STORAGE_QUALIFIER_BITS=212" -section_id auto_signaltap_0
set_global_assignment -name SLD_FILE db/stp2_auto_stripped.stp
set_instance_assignment -name PARTITION_HIERARCHY root_partition -to | -section_id Top